{
  "name": "examples",
  "version": "1.0.0",
  "lockfileVersion": 2,
  "requires": true,
  "packages": {
    "": {
      "name": "examples",
      "version": "1.0.0",
      "license": "ISC",
      "dependencies": {
        "@playwright/test": "^1.38.0",
        "playwright-qase-reporter": "../"
      },
      "devDependencies": {}
    },
    "..": {
      "name": "playwright-qase-reporter",
      "version": "v1.2.0-alpha.3",
      "license": "Apache-2.0",
      "dependencies": {
        "chalk": "^4.1.0",
        "form-data": "^3.0.0",
        "qaseio": "^2.0.1"
      },
      "devDependencies": {
        "@hutson/npm-deploy-git-tag": "^6.0.0",
        "@playwright/test": "^1.16.3",
        "@types/chalk": "^2.2.0",
        "@types/deasync": "^0.1.1",
        "@typescript-eslint/eslint-plugin": "^3.10.1",
        "@typescript-eslint/eslint-plugin-tslint": "^3.10.1",
        "@typescript-eslint/parser": "^3.10.1",
        "axios-mock-adapter": "^1.19.0",
        "eslint": "^7.14.0",
        "eslint-plugin-jsdoc": "^26.0.1",
        "eslint-plugin-prefer-arrow": "^1.2.2",
        "handlebars": "^4.7.7",
        "nodemon": "^2.0.6",
        "typescript": "^3.9.7"
      },
      "engines": {
        "node": ">=10"
      }
    },
    "node_modules/@playwright/test": {
      "version": "1.38.0",
      "resolved": "https://registry.npmjs.org/@playwright/test/-/test-1.38.0.tgz",
      "integrity": "sha512-xis/RXXsLxwThKnlIXouxmIvvT3zvQj1JE39GsNieMUrMpb3/GySHDh2j8itCG22qKVD4MYLBp7xB73cUW/UUw==",
      "license": "Apache-2.0",
      "dependencies": {
        "playwright": "1.38.0"
      },
      "bin": {
        "playwright": "cli.js"
      },
      "engines": {
        "node": ">=16"
      }
    },
    "node_modules/fsevents": {
      "version": "2.3.2",
      "resolved": "https://registry.npmjs.org/fsevents/-/fsevents-2.3.2.tgz",
      "integrity": "sha512-xiqMQR4xAeHTuB9uWm+fFRcIOgKBMiOBP+eXiyT7jsgVCq1bkVygt00oASowB7EdtpOHaaPgKt812P9ab+DDKA==",
      "hasInstallScript": true,
      "license": "MIT",
      "optional": true,
      "os": [
        "darwin"
      ],
      "engines": {
        "node": "^8.16.0 || ^10.6.0 || >=11.0.0"
      }
    },
    "node_modules/playwright": {
      "version": "1.38.0",
      "resolved": "https://registry.npmjs.org/playwright/-/playwright-1.38.0.tgz",
      "integrity": "sha512-fJGw+HO0YY+fU/F1N57DMO+TmXHTrmr905J05zwAQE9xkuwP/QLDk63rVhmyxh03dYnEhnRbsdbH9B0UVVRB3A==",
      "license": "Apache-2.0",
      "dependencies": {
        "playwright-core": "1.38.0"
      },
      "bin": {
        "playwright": "cli.js"
      },
      "engines": {
        "node": ">=16"
      },
      "optionalDependencies": {
        "fsevents": "2.3.2"
      }
    },
    "node_modules/playwright-core": {
      "version": "1.38.0",
      "resolved": "https://registry.npmjs.org/playwright-core/-/playwright-core-1.38.0.tgz",
      "integrity": "sha512-f8z1y8J9zvmHoEhKgspmCvOExF2XdcxMW8jNRuX4vkQFrzV4MlZ55iwb5QeyiFQgOFCUolXiRHgpjSEnqvO48g==",
      "license": "Apache-2.0",
      "bin": {
        "playwright-core": "cli.js"
      },
      "engines": {
        "node": ">=16"
      }
    },
    "node_modules/playwright-qase-reporter": {
      "resolved": "..",
      "link": true
    }
  },
  "dependencies": {
    "@playwright/test": {
      "version": "1.38.0",
      "resolved": "https://registry.npmjs.org/@playwright/test/-/test-1.38.0.tgz",
      "integrity": "sha512-xis/RXXsLxwThKnlIXouxmIvvT3zvQj1JE39GsNieMUrMpb3/GySHDh2j8itCG22qKVD4MYLBp7xB73cUW/UUw==",
      "requires": {
        "playwright": "1.38.0"
      }
    },
    "fsevents": {
      "version": "2.3.2",
      "resolved": "https://registry.npmjs.org/fsevents/-/fsevents-2.3.2.tgz",
      "integrity": "sha512-xiqMQR4xAeHTuB9uWm+fFRcIOgKBMiOBP+eXiyT7jsgVCq1bkVygt00oASowB7EdtpOHaaPgKt812P9ab+DDKA==",
      "optional": true
    },
    "playwright": {
      "version": "1.38.0",
      "resolved": "https://registry.npmjs.org/playwright/-/playwright-1.38.0.tgz",
      "integrity": "sha512-fJGw+HO0YY+fU/F1N57DMO+TmXHTrmr905J05zwAQE9xkuwP/QLDk63rVhmyxh03dYnEhnRbsdbH9B0UVVRB3A==",
      "requires": {
        "fsevents": "2.3.2",
        "playwright-core": "1.38.0"
      }
    },
    "playwright-core": {
      "version": "1.38.0",
      "resolved": "https://registry.npmjs.org/playwright-core/-/playwright-core-1.38.0.tgz",
      "integrity": "sha512-f8z1y8J9zvmHoEhKgspmCvOExF2XdcxMW8jNRuX4vkQFrzV4MlZ55iwb5QeyiFQgOFCUolXiRHgpjSEnqvO48g=="
    },
    "playwright-qase-reporter": {
      "version": "file:..",
      "requires": {
        "@hutson/npm-deploy-git-tag": "^6.0.0",
        "@playwright/test": "^1.16.3",
        "@types/chalk": "^2.2.0",
        "@types/deasync": "^0.1.1",
        "@typescript-eslint/eslint-plugin": "^3.10.1",
        "@typescript-eslint/eslint-plugin-tslint": "^3.10.1",
        "@typescript-eslint/parser": "^3.10.1",
        "axios-mock-adapter": "^1.19.0",
        "chalk": "^4.1.0",
        "eslint": "^7.14.0",
        "eslint-plugin-jsdoc": "^26.0.1",
        "eslint-plugin-prefer-arrow": "^1.2.2",
        "form-data": "^3.0.0",
        "handlebars": "^4.7.7",
        "nodemon": "^2.0.6",
        "qaseio": "^2.0.1",
        "typescript": "^3.9.7"
      }
    }
  }
}
